// !$*UTF8*$!
{
	archiveVersion = 1;
	classes = {
	};
	objectVersion = 46;
	objects = {

/* Begin PBXBuildFile section */
		8C0A88991AADAE7B002DB8B8 /* TopScene.swift in Sources */ = {isa = PBXBuildFile; fileRef = 8C0A88981AADAE7B002DB8B8 /* TopScene.swift */; };
		8C0A889E1AADAF18002DB8B8 /* MenuScene.swift in Sources */ = {isa = PBXBuildFile; fileRef = 8C0A889D1AADAF18002DB8B8 /* MenuScene.swift */; };
		8C0A889F1AADAF79002DB8B8 /* MenuScene.swift in Sources */ = {isa = PBXBuildFile; fileRef = 8C0A889D1AADAF18002DB8B8 /* MenuScene.swift */; };
		8C0A88A01AADAF7C002DB8B8 /* TopScene.swift in Sources */ = {isa = PBXBuildFile; fileRef = 8C0A88981AADAE7B002DB8B8 /* TopScene.swift */; };
		8C20F0F51ADA5EC200598A8A /* HamsterCrash.sks in Resources */ = {isa = PBXBuildFile; fileRef = 8C20F0F31ADA5EC200598A8A /* HamsterCrash.sks */; };
		8C20F0F61ADA5EC200598A8A /* star.png in Resources */ = {isa = PBXBuildFile; fileRef = 8C20F0F41ADA5EC200598A8A /* star.png */; };
		8C45C6ED1AA6879900CF4DDD /* AppDelegate.swift in Sources */ = {isa = PBXBuildFile; fileRef = 8C45C6EC1AA6879900CF4DDD /* AppDelegate.swift */; };
		8C45C6EF1AA6879900CF4DDD /* GameScene.sks in Resources */ = {isa = PBXBuildFile; fileRef = 8C45C6EE1AA6879900CF4DDD /* GameScene.sks */; };
		8C45C6F31AA6879900CF4DDD /* GameViewController.swift in Sources */ = {isa = PBXBuildFile; fileRef = 8C45C6F21AA6879900CF4DDD /* GameViewController.swift */; };
		8C45C6F61AA6879900CF4DDD /* Main.storyboard in Resources */ = {isa = PBXBuildFile; fileRef = 8C45C6F41AA6879900CF4DDD /* Main.storyboard */; };
		8C45C6FB1AA6879900CF4DDD /* LaunchScreen.xib in Resources */ = {isa = PBXBuildFile; fileRef = 8C45C6F91AA6879900CF4DDD /* LaunchScreen.xib */; };
		8C45C7071AA6879900CF4DDD /* TouchichiTests.swift in Sources */ = {isa = PBXBuildFile; fileRef = 8C45C7061AA6879900CF4DDD /* TouchichiTests.swift */; };
		8C45C7111AA689F700CF4DDD /* images in Resources */ = {isa = PBXBuildFile; fileRef = 8C45C7101AA689F700CF4DDD /* images */; };
		8C45C7131AA715E100CF4DDD /* String+Hex.swift in Sources */ = {isa = PBXBuildFile; fileRef = 8C45C7121AA715E100CF4DDD /* String+Hex.swift */; };
		8C7304151AF0AF7200E2F86F /* Main.storyboard in Resources */ = {isa = PBXBuildFile; fileRef = 8C45C6F41AA6879900CF4DDD /* Main.storyboard */; };
		8C7304171AF0B09100E2F86F /* ExplanationViewCotroller.swift in Sources */ = {isa = PBXBuildFile; fileRef = 8C7304161AF0B09100E2F86F /* ExplanationViewCotroller.swift */; };
		8C7304181AF0B09100E2F86F /* ExplanationViewCotroller.swift in Sources */ = {isa = PBXBuildFile; fileRef = 8C7304161AF0B09100E2F86F /* ExplanationViewCotroller.swift */; };
		8C8B7B061ABCFEB0001F08E4 /* sounds in Resources */ = {isa = PBXBuildFile; fileRef = 8C8B7B051ABCFEB0001F08E4 /* sounds */; };
		8C8B7B081ABD7F32001F08E4 /* UnchiScene.swift in Sources */ = {isa = PBXBuildFile; fileRef = 8C8B7B071ABD7F32001F08E4 /* UnchiScene.swift */; };
		8C8B7B091ABD7F32001F08E4 /* UnchiScene.swift in Sources */ = {isa = PBXBuildFile; fileRef = 8C8B7B071ABD7F32001F08E4 /* UnchiScene.swift */; };
		8C8B7B0B1AC05B50001F08E4 /* HideScene.swift in Sources */ = {isa = PBXBuildFile; fileRef = 8C8B7B0A1AC05B50001F08E4 /* HideScene.swift */; };
		8C8B7B0C1AC05B50001F08E4 /* HideScene.swift in Sources */ = {isa = PBXBuildFile; fileRef = 8C8B7B0A1AC05B50001F08E4 /* HideScene.swift */; };
		8C8B7B0E1AC24124001F08E4 /* PigScene.swift in Sources */ = {isa = PBXBuildFile; fileRef = 8C8B7B0D1AC24124001F08E4 /* PigScene.swift */; };
		8C8B7B0F1AC24124001F08E4 /* PigScene.swift in Sources */ = {isa = PBXBuildFile; fileRef = 8C8B7B0D1AC24124001F08E4 /* PigScene.swift */; };
		8C8B7B111AC84307001F08E4 /* DaikonScene.swift in Sources */ = {isa = PBXBuildFile; fileRef = 8C8B7B101AC84307001F08E4 /* DaikonScene.swift */; };
		8C8B7B121AC84307001F08E4 /* DaikonScene.swift in Sources */ = {isa = PBXBuildFile; fileRef = 8C8B7B101AC84307001F08E4 /* DaikonScene.swift */; };
		8CAB34621AD139710019DE24 /* Images.xcassets in Resources */ = {isa = PBXBuildFile; fileRef = 8CAB34611AD139710019DE24 /* Images.xcassets */; };
		8CAB34661AD36E220019DE24 /* libAMoAd_3_0_6.a in Frameworks */ = {isa = PBXBuildFile; fileRef = 8CAB34651AD36E220019DE24 /* libAMoAd_3_0_6.a */; };
		8CAB34681AD36E7B0019DE24 /* ImageIO.framework in Frameworks */ = {isa = PBXBuildFile; fileRef = 8CAB34671AD36E7B0019DE24 /* ImageIO.framework */; };
		8CAB346A1AD36E860019DE24 /* AdSupport.framework in Frameworks */ = {isa = PBXBuildFile; fileRef = 8CAB34691AD36E860019DE24 /* AdSupport.framework */; };
		8CAB346B1AD36F7B0019DE24 /* ImageIO.framework in Frameworks */ = {isa = PBXBuildFile; fileRef = 8CAB34671AD36E7B0019DE24 /* ImageIO.framework */; };
		8CAB346C1AD36F7E0019DE24 /* AdSupport.framework in Frameworks */ = {isa = PBXBuildFile; fileRef = 8CAB34691AD36E860019DE24 /* AdSupport.framework */; };
		8CAB346D1AD36F880019DE24 /* libAMoAd_3_0_6.a in Frameworks */ = {isa = PBXBuildFile; fileRef = 8CAB34651AD36E220019DE24 /* libAMoAd_3_0_6.a */; };
		8CE81DB51AB3C4B00078E4DC /* DokanScene.swift in Sources */ = {isa = PBXBuildFile; fileRef = 8CE81DB41AB3C4B00078E4DC /* DokanScene.swift */; };
		8CE81DB71AB3C4D50078E4DC /* TemplateScene.swift in Sources */ = {isa = PBXBuildFile; fileRef = 8CE81DB61AB3C4D50078E4DC /* TemplateScene.swift */; };
		8CE81DB81AB3CC290078E4DC /* DokanScene.swift in Sources */ = {isa = PBXBuildFile; fileRef = 8CE81DB41AB3C4B00078E4DC /* DokanScene.swift */; };
		8CE935C61AA87FCF00B0956C /* configuration.json in Resources */ = {isa = PBXBuildFile; fileRef = 8CE935C51AA87FCF00B0956C /* configuration.json */; };
		8CE935D01AA94B3C00B0956C /* Utility.swift in Sources */ = {isa = PBXBuildFile; fileRef = 8CE935CF1AA94B3C00B0956C /* Utility.swift */; };
		8CE935D11AA94B6700B0956C /* Utility.swift in Sources */ = {isa = PBXBuildFile; fileRef = 8CE935CF1AA94B3C00B0956C /* Utility.swift */; };
		8CE935D21AA9DCD900B0956C /* GameViewController.swift in Sources */ = {isa = PBXBuildFile; fileRef = 8C45C6F21AA6879900CF4DDD /* GameViewController.swift */; };
		8CE935D41AA9DCE400B0956C /* AppDelegate.swift in Sources */ = {isa = PBXBuildFile; fileRef = 8C45C6EC1AA6879900CF4DDD /* AppDelegate.swift */; };
		8CE935D51AA9DCE400B0956C /* GameScene.sks in Resources */ = {isa = PBXBuildFile; fileRef = 8C45C6EE1AA6879900CF4DDD /* GameScene.sks */; };
		8CE935D71AA9DCED00B0956C /* configuration.json in Resources */ = {isa = PBXBuildFile; fileRef = 8CE935C51AA87FCF00B0956C /* configuration.json */; };
		8CE935D81AAABF8600B0956C /* String+Hex.swift in Sources */ = {isa = PBXBuildFile; fileRef = 8C45C7121AA715E100CF4DDD /* String+Hex.swift */; };
		8CE935DA1AAAD44F00B0956C /* SpriteKitExtensions.swift in Sources */ = {isa = PBXBuildFile; fileRef = 8CE935D91AAAD44F00B0956C /* SpriteKitExtensions.swift */; };
		8CE935DB1AAAD45400B0956C /* SpriteKitExtensions.swift in Sources */ = {isa = PBXBuildFile; fileRef = 8CE935D91AAAD44F00B0956C /* SpriteKitExtensions.swift */; };
/* End PBXBuildFile section */

/* Begin PBXContainerItemProxy section */
		8C45C7011AA6879900CF4DDD /* PBXContainerItemProxy */ = {
			isa = PBXContainerItemProxy;
			containerPortal = 8C45C6DF1AA6879900CF4DDD /* Project object */;
			proxyType = 1;
			remoteGlobalIDString = 8C45C6E61AA6879900CF4DDD;
			remoteInfo = Touchichi;
		};
		8CE935B81AA87E5700B0956C /* PBXContainerItemProxy */ = {
			isa = PBXContainerItemProxy;
			containerPortal = 8C45C6DF1AA6879900CF4DDD /* Project object */;
			proxyType = 1;
			remoteGlobalIDString = 8CE935A71AA87E5700B0956C;
			remoteInfo = sampleSnippets;
		};
/* End PBXContainerItemProxy section */

/* Begin PBXFileReference section */
		8C0A88981AADAE7B002DB8B8 /* TopScene.swift */ = {isa = PBXFileReference; fileEncoding = 4; lastKnownFileType = sourcecode.swift; path = TopScene.swift; sourceTree = "<group>"; };
		8C0A889D1AADAF18002DB8B8 /* MenuScene.swift */ = {isa = PBXFileReference; fileEncoding = 4; lastKnownFileType = sourcecode.swift; path = MenuScene.swift; sourceTree = "<group>"; };
		8C20F0F31ADA5EC200598A8A /* HamsterCrash.sks */ = {isa = PBXFileReference; lastKnownFileType = file.sks; name = HamsterCrash.sks; path = Touchichi/HamsterCrash.sks; sourceTree = "<group>"; };
		8C20F0F41ADA5EC200598A8A /* star.png */ = {isa = PBXFileReference; lastKnownFileType = image.png; name = star.png; path = Touchichi/star.png; sourceTree = "<group>"; };
		8C45C6E71AA6879900CF4DDD /* Touchichi.app */ = {isa = PBXFileReference; explicitFileType = wrapper.application; includeInIndex = 0; path = Touchichi.app; sourceTree = BUILT_PRODUCTS_DIR; };
		8C45C6EB1AA6879900CF4DDD /* Info.plist */ = {isa = PBXFileReference; lastKnownFileType = text.plist.xml; path = Info.plist; sourceTree = "<group>"; };
		8C45C6EC1AA6879900CF4DDD /* AppDelegate.swift */ = {isa = PBXFileReference; lastKnownFileType = sourcecode.swift; path = AppDelegate.swift; sourceTree = "<group>"; };
		8C45C6EE1AA6879900CF4DDD /* GameScene.sks */ = {isa = PBXFileReference; lastKnownFileType = file.sks; path = GameScene.sks; sourceTree = "<group>"; };
		8C45C6F21AA6879900CF4DDD /* GameViewController.swift */ = {isa = PBXFileReference; lastKnownFileType = sourcecode.swift; path = GameViewController.swift; sourceTree = "<group>"; };
		8C45C6F51AA6879900CF4DDD /* Base */ = {isa = PBXFileReference; lastKnownFileType = file.storyboard; name = Base; path = Base.lproj/Main.storyboard; sourceTree = "<group>"; };
		8C45C6FA1AA6879900CF4DDD /* Base */ = {isa = PBXFileReference; lastKnownFileType = file.xib; name = Base; path = Base.lproj/LaunchScreen.xib; sourceTree = "<group>"; };
		8C45C7001AA6879900CF4DDD /* TouchichiTests.xctest */ = {isa = PBXFileReference; explicitFileType = wrapper.cfbundle; includeInIndex = 0; path = TouchichiTests.xctest; sourceTree = BUILT_PRODUCTS_DIR; };
		8C45C7051AA6879900CF4DDD /* Info.plist */ = {isa = PBXFileReference; lastKnownFileType = text.plist.xml; path = Info.plist; sourceTree = "<group>"; };
		8C45C7061AA6879900CF4DDD /* TouchichiTests.swift */ = {isa = PBXFileReference; lastKnownFileType = sourcecode.swift; path = TouchichiTests.swift; sourceTree = "<group>"; };
		8C45C7101AA689F700CF4DDD /* images */ = {isa = PBXFileReference; lastKnownFileType = folder; name = images; path = Touchichi/images; sourceTree = "<group>"; };
		8C45C7121AA715E100CF4DDD /* String+Hex.swift */ = {isa = PBXFileReference; fileEncoding = 4; lastKnownFileType = sourcecode.swift; path = "String+Hex.swift"; sourceTree = "<group>"; };
		8C7304161AF0B09100E2F86F /* ExplanationViewCotroller.swift */ = {isa = PBXFileReference; fileEncoding = 4; lastKnownFileType = sourcecode.swift; path = ExplanationViewCotroller.swift; sourceTree = "<group>"; };
		8C8B7B051ABCFEB0001F08E4 /* sounds */ = {isa = PBXFileReference; lastKnownFileType = folder; path = sounds; sourceTree = "<group>"; };
		8C8B7B071ABD7F32001F08E4 /* UnchiScene.swift */ = {isa = PBXFileReference; fileEncoding = 4; lastKnownFileType = sourcecode.swift; path = UnchiScene.swift; sourceTree = "<group>"; };
		8C8B7B0A1AC05B50001F08E4 /* HideScene.swift */ = {isa = PBXFileReference; fileEncoding = 4; lastKnownFileType = sourcecode.swift; path = HideScene.swift; sourceTree = "<group>"; };
		8C8B7B0D1AC24124001F08E4 /* PigScene.swift */ = {isa = PBXFileReference; fileEncoding = 4; lastKnownFileType = sourcecode.swift; path = PigScene.swift; sourceTree = "<group>"; };
		8C8B7B101AC84307001F08E4 /* DaikonScene.swift */ = {isa = PBXFileReference; fileEncoding = 4; lastKnownFileType = sourcecode.swift; path = DaikonScene.swift; sourceTree = "<group>"; };
		8CAB34611AD139710019DE24 /* Images.xcassets */ = {isa = PBXFileReference; lastKnownFileType = folder.assetcatalog; name = Images.xcassets; path = images/page/Images.xcassets; sourceTree = "<group>"; };
		8CAB34641AD36E220019DE24 /* AMoAdView.h */ = {isa = PBXFileReference; fileEncoding = 4; lastKnownFileType = sourcecode.c.h; path = AMoAdView.h; sourceTree = "<group>"; };
		8CAB34651AD36E220019DE24 /* libAMoAd_3_0_6.a */ = {isa = PBXFileReference; lastKnownFileType = archive.ar; path = libAMoAd_3_0_6.a; sourceTree = "<group>"; };
		8CAB34671AD36E7B0019DE24 /* ImageIO.framework */ = {isa = PBXFileReference; lastKnownFileType = wrapper.framework; name = ImageIO.framework; path = System/Library/Frameworks/ImageIO.framework; sourceTree = SDKROOT; };
		8CAB34691AD36E860019DE24 /* AdSupport.framework */ = {isa = PBXFileReference; lastKnownFileType = wrapper.framework; name = AdSupport.framework; path = System/Library/Frameworks/AdSupport.framework; sourceTree = SDKROOT; };
		8CAB346E1AD601900019DE24 /* Touchichi-Bridging-Header.h */ = {isa = PBXFileReference; fileEncoding = 4; lastKnownFileType = sourcecode.c.h; path = "Touchichi-Bridging-Header.h"; sourceTree = "<group>"; };
		8CE81DB41AB3C4B00078E4DC /* DokanScene.swift */ = {isa = PBXFileReference; fileEncoding = 4; lastKnownFileType = sourcecode.swift; path = DokanScene.swift; sourceTree = "<group>"; };
		8CE81DB61AB3C4D50078E4DC /* TemplateScene.swift */ = {isa = PBXFileReference; fileEncoding = 4; lastKnownFileType = sourcecode.swift; path = TemplateScene.swift; sourceTree = "<group>"; };
		8CE935A81AA87E5700B0956C /* sampleSnippets.app */ = {isa = PBXFileReference; explicitFileType = wrapper.application; includeInIndex = 0; path = sampleSnippets.app; sourceTree = BUILT_PRODUCTS_DIR; };
		8CE935B71AA87E5700B0956C /* sampleSnippetsTests.xctest */ = {isa = PBXFileReference; explicitFileType = wrapper.cfbundle; includeInIndex = 0; path = sampleSnippetsTests.xctest; sourceTree = BUILT_PRODUCTS_DIR; };
		8CE935C51AA87FCF00B0956C /* configuration.json */ = {isa = PBXFileReference; fileEncoding = 4; lastKnownFileType = text.json; path = configuration.json; sourceTree = "<group>"; };
		8CE935CF1AA94B3C00B0956C /* Utility.swift */ = {isa = PBXFileReference; fileEncoding = 4; lastKnownFileType = sourcecode.swift; path = Utility.swift; sourceTree = "<group>"; };
		8CE935D91AAAD44F00B0956C /* SpriteKitExtensions.swift */ = {isa = PBXFileReference; fileEncoding = 4; lastKnownFileType = sourcecode.swift; path = SpriteKitExtensions.swift; sourceTree = "<group>"; };
/* End PBXFileReference section */

/* Begin PBXFrameworksBuildPhase section */
		8C45C6E41AA6879900CF4DDD /* Frameworks */ = {
			isa = PBXFrameworksBuildPhase;
			buildActionMask = 2147483647;
			files = (
				8CAB346A1AD36E860019DE24 /* AdSupport.framework in Frameworks */,
				8CAB34681AD36E7B0019DE24 /* ImageIO.framework in Frameworks */,
				8CAB34661AD36E220019DE24 /* libAMoAd_3_0_6.a in Frameworks */,
			);
			runOnlyForDeploymentPostprocessing = 0;
		};
		8C45C6FD1AA6879900CF4DDD /* Frameworks */ = {
			isa = PBXFrameworksBuildPhase;
			buildActionMask = 2147483647;
			files = (
				8CAB346D1AD36F880019DE24 /* libAMoAd_3_0_6.a in Frameworks */,
				8CAB346B1AD36F7B0019DE24 /* ImageIO.framework in Frameworks */,
				8CAB346C1AD36F7E0019DE24 /* AdSupport.framework in Frameworks */,
			);
			runOnlyForDeploymentPostprocessing = 0;
		};
		8CE935A51AA87E5700B0956C /* Frameworks */ = {
			isa = PBXFrameworksBuildPhase;
			buildActionMask = 2147483647;
			files = (
			);
			runOnlyForDeploymentPostprocessing = 0;
		};
		8CE935B41AA87E5700B0956C /* Frameworks */ = {
			isa = PBXFrameworksBuildPhase;
			buildActionMask = 2147483647;
			files = (
			);
			runOnlyForDeploymentPostprocessing = 0;
		};
/* End PBXFrameworksBuildPhase section */

/* Begin PBXGroup section */
		8C0A889A1AADAE86002DB8B8 /* Scenes */ = {
			isa = PBXGroup;
			children = (
				8C0A88981AADAE7B002DB8B8 /* TopScene.swift */,
				8C0A889D1AADAF18002DB8B8 /* MenuScene.swift */,
				8CE81DB41AB3C4B00078E4DC /* DokanScene.swift */,
				8CE81DB61AB3C4D50078E4DC /* TemplateScene.swift */,
				8C8B7B071ABD7F32001F08E4 /* UnchiScene.swift */,
				8C8B7B0A1AC05B50001F08E4 /* HideScene.swift */,
				8C8B7B0D1AC24124001F08E4 /* PigScene.swift */,
				8C8B7B101AC84307001F08E4 /* DaikonScene.swift */,
			);
			name = Scenes;
			sourceTree = "<group>";
		};
		8C0A889B1AADAE9F002DB8B8 /* Libs */ = {
			isa = PBXGroup;
			children = (
				8C45C7121AA715E100CF4DDD /* String+Hex.swift */,
			);
			name = Libs;
			sourceTree = "<group>";
		};
		8C0A889C1AADAEB5002DB8B8 /* Utility */ = {
			isa = PBXGroup;
			children = (
				8CE935CF1AA94B3C00B0956C /* Utility.swift */,
				8CE935D91AAAD44F00B0956C /* SpriteKitExtensions.swift */,
			);
			name = Utility;
			sourceTree = "<group>";
		};
		8C20F0F71ADA65CC00598A8A /* Particles */ = {
			isa = PBXGroup;
			children = (
				8C20F0F31ADA5EC200598A8A /* HamsterCrash.sks */,
				8C20F0F41ADA5EC200598A8A /* star.png */,
			);
			name = Particles;
			sourceTree = "<group>";
		};
		8C45C6DE1AA6879900CF4DDD = {
			isa = PBXGroup;
			children = (
				8C20F0F71ADA65CC00598A8A /* Particles */,
				8CAB34691AD36E860019DE24 /* AdSupport.framework */,
				8CAB34671AD36E7B0019DE24 /* ImageIO.framework */,
				8C8B7B051ABCFEB0001F08E4 /* sounds */,
				8C45C7101AA689F700CF4DDD /* images */,
				8C45C6E91AA6879900CF4DDD /* Touchichi */,
				8C45C7031AA6879900CF4DDD /* TouchichiTests */,
				8C45C6E81AA6879900CF4DDD /* Products */,
			);
			sourceTree = "<group>";
		};
		8C45C6E81AA6879900CF4DDD /* Products */ = {
			isa = PBXGroup;
			children = (
				8C45C6E71AA6879900CF4DDD /* Touchichi.app */,
				8C45C7001AA6879900CF4DDD /* TouchichiTests.xctest */,
				8CE935A81AA87E5700B0956C /* sampleSnippets.app */,
				8CE935B71AA87E5700B0956C /* sampleSnippetsTests.xctest */,
			);
			name = Products;
			sourceTree = "<group>";
		};
		8C45C6E91AA6879900CF4DDD /* Touchichi */ = {
			isa = PBXGroup;
			children = (
				8CAB346E1AD601900019DE24 /* Touchichi-Bridging-Header.h */,
				8CAB34631AD36E130019DE24 /* Amoad */,
				8CE935C51AA87FCF00B0956C /* configuration.json */,
				8C0A889C1AADAEB5002DB8B8 /* Utility */,
				8C0A889B1AADAE9F002DB8B8 /* Libs */,
				8C0A889A1AADAE86002DB8B8 /* Scenes */,
				8C45C6F21AA6879900CF4DDD /* GameViewController.swift */,
				8C7304161AF0B09100E2F86F /* ExplanationViewCotroller.swift */,
				8C45C6EC1AA6879900CF4DDD /* AppDelegate.swift */,
				8C45C6EE1AA6879900CF4DDD /* GameScene.sks */,
				8C45C6F41AA6879900CF4DDD /* Main.storyboard */,
				8CAB34611AD139710019DE24 /* Images.xcassets */,
				8C45C6F91AA6879900CF4DDD /* LaunchScreen.xib */,
				8C45C6EA1AA6879900CF4DDD /* Supporting Files */,
			);
			path = Touchichi;
			sourceTree = "<group>";
		};
		8C45C6EA1AA6879900CF4DDD /* Supporting Files */ = {
			isa = PBXGroup;
			children = (
				8C45C6EB1AA6879900CF4DDD /* Info.plist */,
			);
			name = "Supporting Files";
			sourceTree = "<group>";
		};
		8C45C7031AA6879900CF4DDD /* TouchichiTests */ = {
			isa = PBXGroup;
			children = (
				8C45C7061AA6879900CF4DDD /* TouchichiTests.swift */,
				8C45C7041AA6879900CF4DDD /* Supporting Files */,
			);
			path = TouchichiTests;
			sourceTree = "<group>";
		};
		8C45C7041AA6879900CF4DDD /* Supporting Files */ = {
			isa = PBXGroup;
			children = (
				8C45C7051AA6879900CF4DDD /* Info.plist */,
			);
			name = "Supporting Files";
			sourceTree = "<group>";
		};
		8CAB34631AD36E130019DE24 /* Amoad */ = {
			isa = PBXGroup;
			children = (
				8CAB34651AD36E220019DE24 /* libAMoAd_3_0_6.a */,
				8CAB34641AD36E220019DE24 /* AMoAdView.h */,
			);
			name = Amoad;
			sourceTree = "<group>";
		};
/* End PBXGroup section */

/* Begin PBXNativeTarget section */
		8C45C6E61AA6879900CF4DDD /* Touchichi */ = {
			isa = PBXNativeTarget;
			buildConfigurationList = 8C45C70A1AA6879900CF4DDD /* Build configuration list for PBXNativeTarget "Touchichi" */;
			buildPhases = (
				8C45C6E31AA6879900CF4DDD /* Sources */,
				8C45C6E41AA6879900CF4DDD /* Frameworks */,
				8C45C6E51AA6879900CF4DDD /* Resources */,
			);
			buildRules = (
			);
			dependencies = (
			);
			name = Touchichi;
			productName = Touchichi;
			productReference = 8C45C6E71AA6879900CF4DDD /* Touchichi.app */;
			productType = "com.apple.product-type.application";
		};
		8C45C6FF1AA6879900CF4DDD /* TouchichiTests */ = {
			isa = PBXNativeTarget;
			buildConfigurationList = 8C45C70D1AA6879900CF4DDD /* Build configuration list for PBXNativeTarget "TouchichiTests" */;
			buildPhases = (
				8C45C6FC1AA6879900CF4DDD /* Sources */,
				8C45C6FD1AA6879900CF4DDD /* Frameworks */,
				8C45C6FE1AA6879900CF4DDD /* Resources */,
			);
			buildRules = (
			);
			dependencies = (
				8C45C7021AA6879900CF4DDD /* PBXTargetDependency */,
			);
			name = TouchichiTests;
			productName = TouchichiTests;
			productReference = 8C45C7001AA6879900CF4DDD /* TouchichiTests.xctest */;
			productType = "com.apple.product-type.bundle.unit-test";
		};
		8CE935A71AA87E5700B0956C /* sampleSnippets */ = {
			isa = PBXNativeTarget;
			buildConfigurationList = 8CE935BF1AA87E5700B0956C /* Build configuration list for PBXNativeTarget "sampleSnippets" */;
			buildPhases = (
				8CE935A41AA87E5700B0956C /* Sources */,
				8CE935A51AA87E5700B0956C /* Frameworks */,
				8CE935A61AA87E5700B0956C /* Resources */,
			);
			buildRules = (
			);
			dependencies = (
			);
			name = sampleSnippets;
			productName = sampleSnippets;
			productReference = 8CE935A81AA87E5700B0956C /* sampleSnippets.app */;
			productType = "com.apple.product-type.application";
		};
		8CE935B61AA87E5700B0956C /* sampleSnippetsTests */ = {
			isa = PBXNativeTarget;
			buildConfigurationList = 8CE935C21AA87E5700B0956C /* Build configuration list for PBXNativeTarget "sampleSnippetsTests" */;
			buildPhases = (
				8CE935B31AA87E5700B0956C /* Sources */,
				8CE935B41AA87E5700B0956C /* Frameworks */,
				8CE935B51AA87E5700B0956C /* Resources */,
			);
			buildRules = (
			);
			dependencies = (
				8CE935B91AA87E5700B0956C /* PBXTargetDependency */,
			);
			name = sampleSnippetsTests;
			productName = sampleSnippetsTests;
			productReference = 8CE935B71AA87E5700B0956C /* sampleSnippetsTests.xctest */;
			productType = "com.apple.product-type.bundle.unit-test";
		};
/* End PBXNativeTarget section */

/* Begin PBXProject section */
		8C45C6DF1AA6879900CF4DDD /* Project object */ = {
			isa = PBXProject;
			attributes = {
				LastUpgradeCheck = 0610;
				ORGANIZATIONNAME = "Kenshiroh Hirose";
				TargetAttributes = {
					8C45C6E61AA6879900CF4DDD = {
						CreatedOnToolsVersion = 6.1.1;
						DevelopmentTeam = TG84U5F736;
					};
					8C45C6FF1AA6879900CF4DDD = {
						CreatedOnToolsVersion = 6.1.1;
						TestTargetID = 8C45C6E61AA6879900CF4DDD;
					};
					8CE935A71AA87E5700B0956C = {
						CreatedOnToolsVersion = 6.1.1;
					};
					8CE935B61AA87E5700B0956C = {
						CreatedOnToolsVersion = 6.1.1;
						TestTargetID = 8CE935A71AA87E5700B0956C;
					};
				};
			};
			buildConfigurationList = 8C45C6E21AA6879900CF4DDD /* Build configuration list for PBXProject "Touchichi" */;
			compatibilityVersion = "Xcode 3.2";
			developmentRegion = English;
			hasScannedForEncodings = 0;
			knownRegions = (
				en,
				Base,
			);
			mainGroup = 8C45C6DE1AA6879900CF4DDD;
			productRefGroup = 8C45C6E81AA6879900CF4DDD /* Products */;
			projectDirPath = "";
			projectRoot = "";
			targets = (
				8C45C6E61AA6879900CF4DDD /* Touchichi */,
				8C45C6FF1AA6879900CF4DDD /* TouchichiTests */,
				8CE935A71AA87E5700B0956C /* sampleSnippets */,
				8CE935B61AA87E5700B0956C /* sampleSnippetsTests */,
			);
		};
/* End PBXProject section */

/* Begin PBXResourcesBuildPhase section */
		8C45C6E51AA6879900CF4DDD /* Resources */ = {
			isa = PBXResourcesBuildPhase;
			buildActionMask = 2147483647;
			files = (
				8C45C7111AA689F700CF4DDD /* images in Resources */,
				8C20F0F61ADA5EC200598A8A /* star.png in Resources */,
				8CAB34621AD139710019DE24 /* Images.xcassets in Resources */,
				8C45C6FB1AA6879900CF4DDD /* LaunchScreen.xib in Resources */,
				8C8B7B061ABCFEB0001F08E4 /* sounds in Resources */,
				8C20F0F51ADA5EC200598A8A /* HamsterCrash.sks in Resources */,
				8C45C6EF1AA6879900CF4DDD /* GameScene.sks in Resources */,
				8CE935C61AA87FCF00B0956C /* configuration.json in Resources */,
				8C45C6F61AA6879900CF4DDD /* Main.storyboard in Resources */,
			);
			runOnlyForDeploymentPostprocessing = 0;
		};
		8C45C6FE1AA6879900CF4DDD /* Resources */ = {
			isa = PBXResourcesBuildPhase;
			buildActionMask = 2147483647;
			files = (
				8C7304151AF0AF7200E2F86F /* Main.storyboard in Resources */,
				8CE935D71AA9DCED00B0956C /* configuration.json in Resources */,
				8CE935D51AA9DCE400B0956C /* GameScene.sks in Resources */,
			);
			runOnlyForDeploymentPostprocessing = 0;
		};
		8CE935A61AA87E5700B0956C /* Resources */ = {
			isa = PBXResourcesBuildPhase;
			buildActionMask = 2147483647;
			files = (
			);
			runOnlyForDeploymentPostprocessing = 0;
		};
		8CE935B51AA87E5700B0956C /* Resources */ = {
			isa = PBXResourcesBuildPhase;
			buildActionMask = 2147483647;
			files = (
			);
			runOnlyForDeploymentPostprocessing = 0;
		};
/* End PBXResourcesBuildPhase section */

/* Begin PBXSourcesBuildPhase section */
		8C45C6E31AA6879900CF4DDD /* Sources */ = {
			isa = PBXSourcesBuildPhase;
			buildActionMask = 2147483647;
			files = (
				8CE935DA1AAAD44F00B0956C /* SpriteKitExtensions.swift in Sources */,
				8C0A88991AADAE7B002DB8B8 /* TopScene.swift in Sources */,
				8C8B7B0B1AC05B50001F08E4 /* HideScene.swift in Sources */,
				8CE81DB71AB3C4D50078E4DC /* TemplateScene.swift in Sources */,
				8C0A889E1AADAF18002DB8B8 /* MenuScene.swift in Sources */,
				8CE81DB51AB3C4B00078E4DC /* DokanScene.swift in Sources */,
				8C8B7B111AC84307001F08E4 /* DaikonScene.swift in Sources */,
				8C45C6F31AA6879900CF4DDD /* GameViewController.swift in Sources */,
				8C8B7B081ABD7F32001F08E4 /* UnchiScene.swift in Sources */,
				8CE935D01AA94B3C00B0956C /* Utility.swift in Sources */,
				8C45C7131AA715E100CF4DDD /* String+Hex.swift in Sources */,
				8C8B7B0E1AC24124001F08E4 /* PigScene.swift in Sources */,
				8C7304171AF0B09100E2F86F /* ExplanationViewCotroller.swift in Sources */,
				8C45C6ED1AA6879900CF4DDD /* AppDelegate.swift in Sources */,
			);
			runOnlyForDeploymentPostprocessing = 0;
		};
		8C45C6FC1AA6879900CF4DDD /* Sources */ = {
			isa = PBXSourcesBuildPhase;
			buildActionMask = 2147483647;
			files = (
				8CE935D11AA94B6700B0956C /* Utility.swift in Sources */,
				8CE935D21AA9DCD900B0956C /* GameViewController.swift in Sources */,
				8C8B7B0C1AC05B50001F08E4 /* HideScene.swift in Sources */,
				8C0A889F1AADAF79002DB8B8 /* MenuScene.swift in Sources */,
				8CE935DB1AAAD45400B0956C /* SpriteKitExtensions.swift in Sources */,
				8C45C7071AA6879900CF4DDD /* TouchichiTests.swift in Sources */,
				8C8B7B121AC84307001F08E4 /* DaikonScene.swift in Sources */,
				8C0A88A01AADAF7C002DB8B8 /* TopScene.swift in Sources */,
				8C8B7B091ABD7F32001F08E4 /* UnchiScene.swift in Sources */,
				8CE935D81AAABF8600B0956C /* String+Hex.swift in Sources */,
				8CE935D41AA9DCE400B0956C /* AppDelegate.swift in Sources */,
				8C8B7B0F1AC24124001F08E4 /* PigScene.swift in Sources */,
				8CE81DB81AB3CC290078E4DC /* DokanScene.swift in Sources */,
				8C7304181AF0B09100E2F86F /* ExplanationViewCotroller.swift in Sources */,
			);
			runOnlyForDeploymentPostprocessing = 0;
		};
		8CE935A41AA87E5700B0956C /* Sources */ = {
			isa = PBXSourcesBuildPhase;
			buildActionMask = 2147483647;
			files = (
			);
			runOnlyForDeploymentPostprocessing = 0;
		};
		8CE935B31AA87E5700B0956C /* Sources */ = {
			isa = PBXSourcesBuildPhase;
			buildActionMask = 2147483647;
			files = (
			);
			runOnlyForDeploymentPostprocessing = 0;
		};
/* End PBXSourcesBuildPhase section */

/* Begin PBXTargetDependency section */
		8C45C7021AA6879900CF4DDD /* PBXTargetDependency */ = {
			isa = PBXTargetDependency;
			target = 8C45C6E61AA6879900CF4DDD /* Touchichi */;
			targetProxy = 8C45C7011AA6879900CF4DDD /* PBXContainerItemProxy */;
		};
		8CE935B91AA87E5700B0956C /* PBXTargetDependency */ = {
			isa = PBXTargetDependency;
			target = 8CE935A71AA87E5700B0956C /* sampleSnippets */;
			targetProxy = 8CE935B81AA87E5700B0956C /* PBXContainerItemProxy */;
		};
/* End PBXTargetDependency section */

/* Begin PBXVariantGroup section */
		8C45C6F41AA6879900CF4DDD /* Main.storyboard */ = {
			isa = PBXVariantGroup;
			children = (
				8C45C6F51AA6879900CF4DDD /* Base */,
			);
			name = Main.storyboard;
			sourceTree = "<group>";
		};
		8C45C6F91AA6879900CF4DDD /* LaunchScreen.xib */ = {
			isa = PBXVariantGroup;
			children = (
				8C45C6FA1AA6879900CF4DDD /* Base */,
			);
			name = LaunchScreen.xib;
			sourceTree = "<group>";
		};
/* End PBXVariantGroup section */

/* Begin XCBuildConfiguration section */
		8C45C7081AA6879900CF4DDD /* Debug */ = {
			isa = XCBuildConfiguration;
			buildSettings = {
				ALWAYS_SEARCH_USER_PATHS = NO;
				CLANG_CXX_LANGUAGE_STANDARD = "gnu++0x";
				CLANG_CXX_LIBRARY = "libc++";
				CLANG_ENABLE_MODULES = YES;
				CLANG_ENABLE_OBJC_ARC = YES;
				CLANG_WARN_BOOL_CONVERSION = YES;
				CLANG_WARN_CONSTANT_CONVERSION = YES;
				CLANG_WARN_DIRECT_OBJC_ISA_USAGE = YES_ERROR;
				CLANG_WARN_EMPTY_BODY = YES;
				CLANG_WARN_ENUM_CONVERSION = YES;
				CLANG_WARN_INT_CONVERSION = YES;
				CLANG_WARN_OBJC_ROOT_CLASS = YES_ERROR;
				CLANG_WARN_UNREACHABLE_CODE = YES;
				CLANG_WARN__DUPLICATE_METHOD_MATCH = YES;
				"CODE_SIGN_IDENTITY[sdk=iphoneos*]" = "iPhone Developer";
				COPY_PHASE_STRIP = NO;
				ENABLE_STRICT_OBJC_MSGSEND = YES;
				GCC_C_LANGUAGE_STANDARD = gnu99;
				GCC_DYNAMIC_NO_PIC = NO;
				GCC_OPTIMIZATION_LEVEL = 0;
				GCC_PREPROCESSOR_DEFINITIONS = (
					"DEBUG=1",
					"$(inherited)",
				);
				GCC_SYMBOLS_PRIVATE_EXTERN = NO;
				GCC_WARN_64_TO_32_BIT_CONVERSION = YES;
				GCC_WARN_ABOUT_RETURN_TYPE = YES_ERROR;
				GCC_WARN_UNDECLARED_SELECTOR = YES;
				GCC_WARN_UNINITIALIZED_AUTOS = YES_AGGRESSIVE;
				GCC_WARN_UNUSED_FUNCTION = YES;
				GCC_WARN_UNUSED_VARIABLE = YES;
				IPHONEOS_DEPLOYMENT_TARGET = 8.1;
				MTL_ENABLE_DEBUG_INFO = YES;
				ONLY_ACTIVE_ARCH = YES;
				SDKROOT = iphoneos;
				SWIFT_OPTIMIZATION_LEVEL = "-Onone";
			};
			name = Debug;
		};
		8C45C7091AA6879900CF4DDD /* Release */ = {
			isa = XCBuildConfiguration;
			buildSettings = {
				ALWAYS_SEARCH_USER_PATHS = NO;
				CLANG_CXX_LANGUAGE_STANDARD = "gnu++0x";
				CLANG_CXX_LIBRARY = "libc++";
				CLANG_ENABLE_MODULES = YES;
				CLANG_ENABLE_OBJC_ARC = YES;
				CLANG_WARN_BOOL_CONVERSION = YES;
				CLANG_WARN_CONSTANT_CONVERSION = YES;
				CLANG_WARN_DIRECT_OBJC_ISA_USAGE = YES_ERROR;
				CLANG_WARN_EMPTY_BODY = YES;
				CLANG_WARN_ENUM_CONVERSION = YES;
				CLANG_WARN_INT_CONVERSION = YES;
				CLANG_WARN_OBJC_ROOT_CLASS = YES_ERROR;
				CLANG_WARN_UNREACHABLE_CODE = YES;
				CLANG_WARN__DUPLICATE_METHOD_MATCH = YES;
				"CODE_SIGN_IDENTITY[sdk=iphoneos*]" = "iPhone Developer";
				COPY_PHASE_STRIP = YES;
				ENABLE_NS_ASSERTIONS = NO;
				ENABLE_STRICT_OBJC_MSGSEND = YES;
				GCC_C_LANGUAGE_STANDARD = gnu99;
				GCC_WARN_64_TO_32_BIT_CONVERSION = YES;
				GCC_WARN_ABOUT_RETURN_TYPE = YES_ERROR;
				GCC_WARN_UNDECLARED_SELECTOR = YES;
				GCC_WARN_UNINITIALIZED_AUTOS = YES_AGGRESSIVE;
				GCC_WARN_UNUSED_FUNCTION = YES;
				GCC_WARN_UNUSED_VARIABLE = YES;
				IPHONEOS_DEPLOYMENT_TARGET = 8.1;
				MTL_ENABLE_DEBUG_INFO = NO;
				SDKROOT = iphoneos;
				VALIDATE_PRODUCT = YES;
			};
			name = Release;
		};
		8C45C70B1AA6879900CF4DDD /* Debug */ = {
			isa = XCBuildConfiguration;
			buildSettings = {
				ASSETCATALOG_COMPILER_APPICON_NAME = AppIcon;
				ASSETCATALOG_COMPILER_LAUNCHIMAGE_NAME = LaunchImage;
				CODE_SIGN_IDENTITY = "iPhone Developer";
				"CODE_SIGN_IDENTITY[sdk=iphoneos*]" = "iPhone Developer";
				INFOPLIST_FILE = Touchichi/Info.plist;
				LD_RUNPATH_SEARCH_PATHS = "$(inherited) @executable_path/Frameworks";
				LIBRARY_SEARCH_PATHS = (
					"$(inherited)",
					"$(PROJECT_DIR)/Touchichi",
				);
				OTHER_LDFLAGS = "-ObjC";
				PRODUCT_NAME = "$(TARGET_NAME)";
				PROVISIONING_PROFILE = "";
				SWIFT_OBJC_BRIDGING_HEADER = "$(TARGET_NAME)/$(TARGET_NAME)-Bridging-Header.h";
			};
			name = Debug;
		};
		8C45C70C1AA6879900CF4DDD /* Release */ = {
			isa = XCBuildConfiguration;
			buildSettings = {
				ASSETCATALOG_COMPILER_APPICON_NAME = AppIcon;
				ASSETCATALOG_COMPILER_LAUNCHIMAGE_NAME = LaunchImage;
				CODE_SIGN_IDENTITY = "iPhone Developer";
				"CODE_SIGN_IDENTITY[sdk=iphoneos*]" = "iPhone Developer";
				INFOPLIST_FILE = Touchichi/Info.plist;
				LD_RUNPATH_SEARCH_PATHS = "$(inherited) @executable_path/Frameworks";
				LIBRARY_SEARCH_PATHS = (
					"$(inherited)",
					"$(PROJECT_DIR)/Touchichi",
				);
				OTHER_LDFLAGS = "-ObjC";
				PRODUCT_NAME = "$(TARGET_NAME)";
				PROVISIONING_PROFILE = "";
				SWIFT_OBJC_BRIDGING_HEADER = "$(TARGET_NAME)/$(TARGET_NAME)-Bridging-Header.h";
			};
			name = Release;
		};
		8C45C70E1AA6879900CF4DDD /* Debug */ = {
			isa = XCBuildConfiguration;
			buildSettings = {
				FRAMEWORK_SEARCH_PATHS = (
					"$(SDKROOT)/Developer/Library/Frameworks",
					"$(inherited)",
				);
				GCC_PREPROCESSOR_DEFINITIONS = (
					"DEBUG=1",
					"$(inherited)",
				);
				INFOPLIST_FILE = TouchichiTests/Info.plist;
				LD_RUNPATH_SEARCH_PATHS = "$(inherited) @executable_path/Frameworks @loader_path/Frameworks";
				LIBRARY_SEARCH_PATHS = (
					"$(inherited)",
					"$(PROJECT_DIR)/Touchichi",
				);
				PRODUCT_NAME = "$(TARGET_NAME)";
				SWIFT_OBJC_BRIDGING_HEADER = "Touchichi/Touchichi-Bridging-Header.h";
			};
			name = Debug;
		};
		8C45C70F1AA6879900CF4DDD /* Release */ = {
			isa = XCBuildConfiguration;
			buildSettings = {
				FRAMEWORK_SEARCH_PATHS = (
					"$(SDKROOT)/Developer/Library/Frameworks",
					"$(inherited)",
				);
				INFOPLIST_FILE = TouchichiTests/Info.plist;
				LD_RUNPATH_SEARCH_PATHS = "$(inherited) @executable_path/Frameworks @loader_path/Frameworks";
				LIBRARY_SEARCH_PATHS = (
					"$(inherited)",
					"$(PROJECT_DIR)/Touchichi",
				);
				PRODUCT_NAME = "$(TARGET_NAME)";
				SWIFT_OBJC_BRIDGING_HEADER = "Touchichi/Touchichi-Bridging-Header.h";
				"TEST_HOST[sdk=iphoneos*]" = "";
			};
			name = Release;
		};
		8CE935C01AA87E5700B0956C /* Debug */ = {
			isa = XCBuildConfiguration;
			buildSettings = {
				ASSETCATALOG_COMPILER_APPICON_NAME = AppIcon;
				CODE_SIGN_IDENTITY = "-";
				COMBINE_HIDPI_IMAGES = YES;
				GCC_PREPROCESSOR_DEFINITIONS = (
					"DEBUG=1",
					"$(inherited)",
				);
				INFOPLIST_FILE = sampleSnippets/Info.plist;
				LD_RUNPATH_SEARCH_PATHS = "$(inherited) @executable_path/../Frameworks";
				MACOSX_DEPLOYMENT_TARGET = 10.9;
				PRODUCT_NAME = "$(TARGET_NAME)";
				SDKROOT = macosx;
			};
			name = Debug;
		};
		8CE935C11AA87E5700B0956C /* Release */ = {
			isa = XCBuildConfiguration;
			buildSettings = {
				ASSETCATALOG_COMPILER_APPICON_NAME = AppIcon;
				CODE_SIGN_IDENTITY = "-";
				COMBINE_HIDPI_IMAGES = YES;
				DEBUG_INFORMATION_FORMAT = "dwarf-with-dsym";
				INFOPLIST_FILE = sampleSnippets/Info.plist;
				LD_RUNPATH_SEARCH_PATHS = "$(inherited) @executable_path/../Frameworks";
				MACOSX_DEPLOYMENT_TARGET = 10.9;
				PRODUCT_NAME = "$(TARGET_NAME)";
				SDKROOT = macosx;
			};
			name = Release;
		};
		8CE935C31AA87E5700B0956C /* Debug */ = {
			isa = XCBuildConfiguration;
			buildSettings = {
				BUNDLE_LOADER = "$(TEST_HOST)";
				COMBINE_HIDPI_IMAGES = YES;
				FRAMEWORK_SEARCH_PATHS = (
					"$(DEVELOPER_FRAMEWORKS_DIR)",
					"$(inherited)",
				);
				GCC_PREPROCESSOR_DEFINITIONS = (
					"DEBUG=1",
					"$(inherited)",
				);
				INFOPLIST_FILE = sampleSnippetsTests/Info.plist;
				LD_RUNPATH_SEARCH_PATHS = "$(inherited) @executable_path/../Frameworks @loader_path/../Frameworks";
				MACOSX_DEPLOYMENT_TARGET = 10.9;
				PRODUCT_NAME = "$(TARGET_NAME)";
				SDKROOT = macosx;
				TEST_HOST = "$(BUILT_PRODUCTS_DIR)/sampleSnippets.app/Contents/MacOS/sampleSnippets";
			};
			name = Debug;
		};
		8CE935C41AA87E5700B0956C /* Release */ = {
			isa = XCBuildConfiguration;
			buildSettings = {
				BUNDLE_LOADER = "$(TEST_HOST)";
				COMBINE_HIDPI_IMAGES = YES;
				DEBUG_INFORMATION_FORMAT = "dwarf-with-dsym";
				FRAMEWORK_SEARCH_PATHS = (
					"$(DEVELOPER_FRAMEWORKS_DIR)",
					"$(inherited)",
				);
				INFOPLIST_FILE = sampleSnippetsTests/Info.plist;
				LD_RUNPATH_SEARCH_PATHS = "$(inherited) @executable_path/../Frameworks @loader_path/../Frameworks";
				MACOSX_DEPLOYMENT_TARGET = 10.9;
				PRODUCT_NAME = "$(TARGET_NAME)";
				SDKROOT = macosx;
				TEST_HOST = "$(BUILT_PRODUCTS_DIR)/sampleSnippets.app/Contents/MacOS/sampleSnippets";
			};
			name = Release;
		};
/* End XCBuildConfiguration section */

/* Begin XCConfigurationList section */
		8C45C6E21AA6879900CF4DDD /* Build configuration list for PBXProject "Touchichi" */ = {
			isa = XCConfigurationList;
			buildConfigurations = (
				8C45C7081AA6879900CF4DDD /* Debug */,
				8C45C7091AA6879900CF4DDD /* Release */,
			);
			defaultConfigurationIsVisible = 0;
			defaultConfigurationName = Release;
		};
		8C45C70A1AA6879900CF4DDD /* Build configuration list for PBXNativeTarget "Touchichi" */ = {
			isa = XCConfigurationList;
			buildConfigurations = (
				8C45C70B1AA6879900CF4DDD /* Debug */,
				8C45C70C1AA6879900CF4DDD /* Release */,
			);
			defaultConfigurationIsVisible = 0;
			defaultConfigurationName = Release;
		};
		8C45C70D1AA6879900CF4DDD /* Build configuration list for PBXNativeTarget "TouchichiTests" */ = {
			isa = XCConfigurationList;
			buildConfigurations = (
				8C45C70E1AA6879900CF4DDD /* Debug */,
				8C45C70F1AA6879900CF4DDD /* Release */,
			);
			defaultConfigurationIsVisible = 0;
			defaultConfigurationName = Release;
		};
		8CE935BF1AA87E5700B0956C /* Build configuration list for PBXNativeTarget "sampleSnippets" */ = {
			isa = XCConfigurationList;
			buildConfigurations = (
				8CE935C01AA87E5700B0956C /* Debug */,
				8CE935C11AA87E5700B0956C /* Release */,
			);
			defaultConfigurationIsVisible = 0;
			defaultConfigurationName = Release;
		};
		8CE935C21AA87E5700B0956C /* Build configuration list for PBXNativeTarget "sampleSnippetsTests" */ = {
			isa = XCConfigurationList;
			buildConfigurations = (
				8CE935C31AA87E5700B0956C /* Debug */,
				8CE935C41AA87E5700B0956C /* Release */,
			);
			defaultConfigurationIsVisible = 0;
			defaultConfigurationName = Release;
		};
/* End XCConfigurationList section */
	};
	rootObject = 8C45C6DF1AA6879900CF4DDD /* Project object */;
}
